
Microsoft Visual Studio Solution File, Format Version 12.00
# Visual Studio Version 16
VisualStudioVersion = 16.0.31702.278
MinimumVisualStudioVersion = 10.0.40219.1
Project("{9A19103F-16F7-4668-BE54-9A1E7A4F7556}") = "usdToBgn", "usdToBgn.csproj", "{A11FA735-B50C-46FE-96AB-8C5B1FA0BCED}"
EndProject
Project("{9A19103F-16F7-4668-BE54-9A1E7A4F7556}") = "radiansToDegrees", "..\radiansToDegrees\radiansToDegrees.csproj", "{71C77882-EF47-4D95-A80A-4DCFF59C6C5C}"
EndProject
Project("{9A19103F-16F7-4668-BE54-9A1E7A4F7556}") = "depositeCalc", "..\depositeCalc\depositeCalc.csproj", "{C6799A43-6733-4445-B8E3-41219B8D821D}"
EndProject
Project("{9A19103F-16F7-4668-BE54-9A1E7A4F7556}") = "books", "..\books\books.csproj", "{F6FD4D3B-0F9E-4ECA-8D07-647961354EC5}"
EndProject
Project("{9A19103F-16F7-4668-BE54-9A1E7A4F7556}") = "schoolSupplies", "..\schoolSupplies\schoolSupplies.csproj", "{259A0C74-EEF1-4A1E-A98E-168A7B680AD4}"
EndProject
Project("{9A19103F-16F7-4668-BE54-9A1E7A4F7556}") = "repainting", "..\repainting\repainting.csproj", "{AB00338C-68F7-444F-96D4-F931FC5D91F1}"
EndProject
Project("{9A19103F-16F7-4668-BE54-9A1E7A4F7556}") = "foodDelivery", "..\foodDelivery\foodDelivery.csproj", "{B3F2CBE2-CA80-47DC-B716-72CEF47A9996}"
EndProject
Project("{9A19103F-16F7-4668-BE54-9A1E7A4F7556}") = "basketballEquipment", "..\basketballEquipment\basketballEquipment.csproj", "{FE25B019-0B80-4F13-93CF-2510D58D3059}"
EndProject
Project("{9A19103F-16F7-4668-BE54-9A1E7A4F7556}") = "waterTank", "..\waterTank\waterTank.csproj", "{C84DE543-AED3-4C01-B88A-DE84C0ED9103}"
EndProject
Project("{9A19103F-16F7-4668-BE54-9A1E7A4F7556}") = "HW2Task1-seconds-sum", "..\HW2Task1-seconds-sum\HW2Task1-seconds-sum.csproj", "{13518CFD-BF60-4CB2-BB0D-9645B3D8CBB4}"
EndProject
Project("{9A19103F-16F7-4668-BE54-9A1E7A4F7556}") = "HW2Task2-bonus-score", "..\HW2Task2-bonus-score\HW2Task2-bonus-score.csproj", "{DDF563C0-6AC3-4C49-A29E-D5D88A8CA43D}"
EndProject
Project("{9A19103F-16F7-4668-BE54-9A1E7A4F7556}") = "HW2Task3-time-plus-15-minutes", "..\HW2Task3-time-plus-15-minutes\HW2Task3-time-plus-15-minutes.csproj", "{D9ABBD90-347B-4749-A800-BF0F0FA8DB4B}"
EndProject
Project("{9A19103F-16F7-4668-BE54-9A1E7A4F7556}") = "HW2Task4-babyToysStore", "..\HW2Task4-babyToysStore\HW2Task4-babyToysStore.csproj", "{AC23E6C1-CE53-44EB-813F-F632999834E1}"
EndProject
Project("{FAE04EC0-301F-11D3-BF4B-00C04F79EFBC}") = "HW2Task5-GodzillaVsKong", "..\godzillaVsKong\HW2Task5-GodzillaVsKong.csproj", "{8E700225-7CEF-4FF3-8B96-165B615E57CE}"
EndProject
Project("{FAE04EC0-301F-11D3-BF4B-00C04F79EFBC}") = "HW2Task6-worldRecord", "..\HW2Task6-worldRecord\HW2Task6-worldRecord.csproj", "{145C3DA5-3ACF-475E-B3ED-1C9C398E6FF1}"
EndProject
Global
	GlobalSection(SolutionConfigurationPlatforms) = preSolution
		Debug|Any CPU = Debug|Any CPU
		Release|Any CPU = Release|Any CPU
	EndGlobalSection
	GlobalSection(ProjectConfigurationPlatforms) = postSolution
		{A11FA735-B50C-46FE-96AB-8C5B1FA0BCED}.Debug|Any CPU.ActiveCfg = Debug|Any CPU
		{A11FA735-B50C-46FE-96AB-8C5B1FA0BCED}.Debug|Any CPU.Build.0 = Debug|Any CPU
		{A11FA735-B50C-46FE-96AB-8C5B1FA0BCED}.Release|Any CPU.ActiveCfg = Release|Any CPU
		{A11FA735-B50C-46FE-96AB-8C5B1FA0BCED}.Release|Any CPU.Build.0 = Release|Any CPU
		{71C77882-EF47-4D95-A80A-4DCFF59C6C5C}.Debug|Any CPU.ActiveCfg = Debug|Any CPU
		{71C77882-EF47-4D95-A80A-4DCFF59C6C5C}.Debug|Any CPU.Build.0 = Debug|Any CPU
		{71C77882-EF47-4D95-A80A-4DCFF59C6C5C}.Release|Any CPU.ActiveCfg = Release|Any CPU
		{71C77882-EF47-4D95-A80A-4DCFF59C6C5C}.Release|Any CPU.Build.0 = Release|Any CPU
		{C6799A43-6733-4445-B8E3-41219B8D821D}.Debug|Any CPU.ActiveCfg = Debug|Any CPU
		{C6799A43-6733-4445-B8E3-41219B8D821D}.Debug|Any CPU.Build.0 = Debug|Any CPU
		{C6799A43-6733-4445-B8E3-41219B8D821D}.Release|Any CPU.ActiveCfg = Release|Any CPU
		{C6799A43-6733-4445-B8E3-41219B8D821D}.Release|Any CPU.Build.0 = Release|Any CPU
		{F6FD4D3B-0F9E-4ECA-8D07-647961354EC5}.Debug|Any CPU.ActiveCfg = Debug|Any CPU
		{F6FD4D3B-0F9E-4ECA-8D07-647961354EC5}.Debug|Any CPU.Build.0 = Debug|Any CPU
		{F6FD4D3B-0F9E-4ECA-8D07-647961354EC5}.Release|Any CPU.ActiveCfg = Release|Any CPU
		{F6FD4D3B-0F9E-4ECA-8D07-647961354EC5}.Release|Any CPU.Build.0 = Release|Any CPU
		{259A0C74-EEF1-4A1E-A98E-168A7B680AD4}.Debug|Any CPU.ActiveCfg = Debug|Any CPU
		{259A0C74-EEF1-4A1E-A98E-168A7B680AD4}.Debug|Any CPU.Build.0 = Debug|Any CPU
		{259A0C74-EEF1-4A1E-A98E-168A7B680AD4}.Release|Any CPU.ActiveCfg = Release|Any CPU
		{259A0C74-EEF1-4A1E-A98E-168A7B680AD4}.Release|Any CPU.Build.0 = Release|Any CPU
		{AB00338C-68F7-444F-96D4-F931FC5D91F1}.Debug|Any CPU.ActiveCfg = Debug|Any CPU
		{AB00338C-68F7-444F-96D4-F931FC5D91F1}.Debug|Any CPU.Build.0 = Debug|Any CPU
		{AB00338C-68F7-444F-96D4-F931FC5D91F1}.Release|Any CPU.ActiveCfg = Release|Any CPU
		{AB00338C-68F7-444F-96D4-F931FC5D91F1}.Release|Any CPU.Build.0 = Release|Any CPU
		{B3F2CBE2-CA80-47DC-B716-72CEF47A9996}.Debug|Any CPU.ActiveCfg = Debug|Any CPU
		{B3F2CBE2-CA80-47DC-B716-72CEF47A9996}.Debug|Any CPU.Build.0 = Debug|Any CPU
		{B3F2CBE2-CA80-47DC-B716-72CEF47A9996}.Release|Any CPU.ActiveCfg = Release|Any CPU
		{B3F2CBE2-CA80-47DC-B716-72CEF47A9996}.Release|Any CPU.Build.0 = Release|Any CPU
		{FE25B019-0B80-4F13-93CF-2510D58D3059}.Debug|Any CPU.ActiveCfg = Debug|Any CPU
		{FE25B019-0B80-4F13-93CF-2510D58D3059}.Debug|Any CPU.Build.0 = Debug|Any CPU
		{FE25B019-0B80-4F13-93CF-2510D58D3059}.Release|Any CPU.ActiveCfg = Release|Any CPU
		{FE25B019-0B80-4F13-93CF-2510D58D3059}.Release|Any CPU.Build.0 = Release|Any CPU
		{C84DE543-AED3-4C01-B88A-DE84C0ED9103}.Debug|Any CPU.ActiveCfg = Debug|Any CPU
		{C84DE543-AED3-4C01-B88A-DE84C0ED9103}.Debug|Any CPU.Build.0 = Debug|Any CPU
		{C84DE543-AED3-4C01-B88A-DE84C0ED9103}.Release|Any CPU.ActiveCfg = Release|Any CPU
		{C84DE543-AED3-4C01-B88A-DE84C0ED9103}.Release|Any CPU.Build.0 = Release|Any CPU
		{13518CFD-BF60-4CB2-BB0D-9645B3D8CBB4}.Debug|Any CPU.ActiveCfg = Debug|Any CPU
		{13518CFD-BF60-4CB2-BB0D-9645B3D8CBB4}.Debug|Any CPU.Build.0 = Debug|Any CPU
		{13518CFD-BF60-4CB2-BB0D-9645B3D8CBB4}.Release|Any CPU.ActiveCfg = Release|Any CPU
		{13518CFD-BF60-4CB2-BB0D-9645B3D8CBB4}.Release|Any CPU.Build.0 = Release|Any CPU
		{DDF563C0-6AC3-4C49-A29E-D5D88A8CA43D}.Debug|Any CPU.ActiveCfg = Debug|Any CPU
		{DDF563C0-6AC3-4C49-A29E-D5D88A8CA43D}.Debug|Any CPU.Build.0 = Debug|Any CPU
		{DDF563C0-6AC3-4C49-A29E-D5D88A8CA43D}.Release|Any CPU.ActiveCfg = Release|Any CPU
		{DDF563C0-6AC3-4C49-A29E-D5D88A8CA43D}.Release|Any CPU.Build.0 = Release|Any CPU
		{D9ABBD90-347B-4749-A800-BF0F0FA8DB4B}.Debug|Any CPU.ActiveCfg = Debug|Any CPU
		{D9ABBD90-347B-4749-A800-BF0F0FA8DB4B}.Debug|Any CPU.Build.0 = Debug|Any CPU
		{D9ABBD90-347B-4749-A800-BF0F0FA8DB4B}.Release|Any CPU.ActiveCfg = Release|Any CPU
		{D9ABBD90-347B-4749-A800-BF0F0FA8DB4B}.Release|Any CPU.Build.0 = Release|Any CPU
		{AC23E6C1-CE53-44EB-813F-F632999834E1}.Debug|Any CPU.ActiveCfg = Debug|Any CPU
		{AC23E6C1-CE53-44EB-813F-F632999834E1}.Debug|Any CPU.Build.0 = Debug|Any CPU
		{AC23E6C1-CE53-44EB-813F-F632999834E1}.Release|Any CPU.ActiveCfg = Release|Any CPU
		{AC23E6C1-CE53-44EB-813F-F632999834E1}.Release|Any CPU.Build.0 = Release|Any CPU
		{8E700225-7CEF-4FF3-8B96-165B615E57CE}.Debug|Any CPU.ActiveCfg = Debug|Any CPU
		{8E700225-7CEF-4FF3-8B96-165B615E57CE}.Debug|Any CPU.Build.0 = Debug|Any CPU
		{8E700225-7CEF-4FF3-8B96-165B615E57CE}.Release|Any CPU.ActiveCfg = Release|Any CPU
		{8E700225-7CEF-4FF3-8B96-165B615E57CE}.Release|Any CPU.Build.0 = Release|Any CPU
		{145C3DA5-3ACF-475E-B3ED-1C9C398E6FF1}.Debug|Any CPU.ActiveCfg = Debug|Any CPU
		{145C3DA5-3ACF-475E-B3ED-1C9C398E6FF1}.Debug|Any CPU.Build.0 = Debug|Any CPU
		{145C3DA5-3ACF-475E-B3ED-1C9C398E6FF1}.Release|Any CPU.ActiveCfg = Release|Any CPU
		{145C3DA5-3ACF-475E-B3ED-1C9C398E6FF1}.Release|Any CPU.Build.0 = Release|Any CPU
	EndGlobalSection
	GlobalSection(SolutionProperties) = preSolution
		HideSolutionNode = FALSE
	EndGlobalSection
	GlobalSection(ExtensibilityGlobals) = postSolution
		SolutionGuid = {200E6E47-FEC0-4C51-BD9B-49E5EAFD1D4D}
	EndGlobalSection
EndGlobal
